
Microsoft Visual Studio Solution File, Format Version 12.00
# Visual Studio Version 16
VisualStudioVersion = 16.0.31105.61
MinimumVisualStudioVersion = 10.0.40219.1
Project("{9A19103F-16F7-4668-BE54-9A1E7A4F7556}") = "BookClub.Catalog", "BookClub.Catalog\BookClub.Catalog.csproj", "{93C2C235-F672-40CE-8BA2-71737CB245CE}"
EndProject
Project("{9A19103F-16F7-4668-BE54-9A1E7A4F7556}") = "BookClub.Catalog.Tests", "BookClub.Catalog.Tests\BookClub.Catalog.Tests.csproj", "{D8860855-C027-4506-93C2-723E2AC392B2}"
EndProject
Project("{FAE04EC0-301F-11D3-BF4B-00C04F79EFBC}") = "BookClub.WebApi", "BookClub.WebApi\BookClub.WebApi.csproj", "{B5F432C5-3512-434E-A052-4961FA9067E0}"
EndProject
Project("{FAE04EC0-301F-11D3-BF4B-00C04F79EFBC}") = "BookClub.EventBus", "BookClub.EventBus\BookClub.EventBus.csproj", "{2054359E-812E-4267-A1CF-7ACC1A2962E2}"
EndProject
Global
	GlobalSection(SolutionConfigurationPlatforms) = preSolution
		Debug|Any CPU = Debug|Any CPU
		Release|Any CPU = Release|Any CPU
	EndGlobalSection
	GlobalSection(ProjectConfigurationPlatforms) = postSolution
		{93C2C235-F672-40CE-8BA2-71737CB245CE}.Debug|Any CPU.ActiveCfg = Debug|Any CPU
		{93C2C235-F672-40CE-8BA2-71737CB245CE}.Debug|Any CPU.Build.0 = Debug|Any CPU
		{93C2C235-F672-40CE-8BA2-71737CB245CE}.Release|Any CPU.ActiveCfg = Release|Any CPU
		{93C2C235-F672-40CE-8BA2-71737CB245CE}.Release|Any CPU.Build.0 = Release|Any CPU
		{D8860855-C027-4506-93C2-723E2AC392B2}.Debug|Any CPU.ActiveCfg = Debug|Any CPU
		{D8860855-C027-4506-93C2-723E2AC392B2}.Debug|Any CPU.Build.0 = Debug|Any CPU
		{D8860855-C027-4506-93C2-723E2AC392B2}.Release|Any CPU.ActiveCfg = Release|Any CPU
		{D8860855-C027-4506-93C2-723E2AC392B2}.Release|Any CPU.Build.0 = Release|Any CPU
		{B5F432C5-3512-434E-A052-4961FA9067E0}.Debug|Any CPU.ActiveCfg = Debug|Any CPU
		{B5F432C5-3512-434E-A052-4961FA9067E0}.Debug|Any CPU.Build.0 = Debug|Any CPU
		{B5F432C5-3512-434E-A052-4961FA9067E0}.Release|Any CPU.ActiveCfg = Release|Any CPU
		{B5F432C5-3512-434E-A052-4961FA9067E0}.Release|Any CPU.Build.0 = Release|Any CPU
		{2054359E-812E-4267-A1CF-7ACC1A2962E2}.Debug|Any CPU.ActiveCfg = Debug|Any CPU
		{2054359E-812E-4267-A1CF-7ACC1A2962E2}.Debug|Any CPU.Build.0 = Debug|Any CPU
		{2054359E-812E-4267-A1CF-7ACC1A2962E2}.Release|Any CPU.ActiveCfg = Release|Any CPU
		{2054359E-812E-4267-A1CF-7ACC1A2962E2}.Release|Any CPU.Build.0 = Release|Any CPU
	EndGlobalSection
	GlobalSection(SolutionProperties) = preSolution
		HideSolutionNode = FALSE
	EndGlobalSection
	GlobalSection(ExtensibilityGlobals) = postSolution
		SolutionGuid = {73134C53-B3BA-44A0-85D0-41C143F4C676}
	EndGlobalSection
EndGlobal
